
Microsoft Visual Studio Solution File, Format Version 12.00
# Visual Studio Version 17
VisualStudioVersion = 17.10.35013.160
MinimumVisualStudioVersion = 10.0.40219.1
Project("{FAE04EC0-301F-11D3-BF4B-00C04F79EFBC}") = "House_Rental_Management", "House_Rental_Management\House_Rental_Management.csproj", "{9C880D17-A592-4CB5-B364-CD550DEB5830}"
EndProject
Global
	GlobalSection(SolutionConfigurationPlatforms) = preSolution
		Debug|Any CPU = Debug|Any CPU
		Release|Any CPU = Release|Any CPU
	EndGlobalSection
	GlobalSection(ProjectConfigurationPlatforms) = postSolution
		{9C880D17-A592-4CB5-B364-CD550DEB5830}.Debug|Any CPU.ActiveCfg = Debug|Any CPU
		{9C880D17-A592-4CB5-B364-CD550DEB5830}.Debug|Any CPU.Build.0 = Debug|Any CPU
		{9C880D17-A592-4CB5-B364-CD550DEB5830}.Release|Any CPU.ActiveCfg = Release|Any CPU
		{9C880D17-A592-4CB5-B364-CD550DEB5830}.Release|Any CPU.Build.0 = Release|Any CPU
	EndGlobalSection
	GlobalSection(SolutionProperties) = preSolution
		HideSolutionNode = FALSE
	EndGlobalSection
	GlobalSection(ExtensibilityGlobals) = postSolution
		SolutionGuid = {72735256-486F-480B-9C2C-074B4313AAFD}
	EndGlobalSection
EndGlobal
